<?xml version="1.0"?>
<Project ToolsVersion="4.0" xmlns="http://schemas.microsoft.com/developer/msbuild/2003">
	<ItemGroup>
		<ClCompile Include="src\ofApp.cpp">
			<Filter>src</Filter>
		</ClCompile>
		<ClCompile Include="src\main.cpp">
			<Filter>src</Filter>
		</ClCompile>
		<ClCompile Include="src\Background.cpp">
			<Filter>src</Filter>
		</ClCompile>
		<ClCompile Include="src\BackgroundSegments.cpp">
			<Filter>src</Filter>
		</ClCompile>
		<ClCompile Include="src\Gem.cpp">
			<Filter>src</Filter>
		</ClCompile>
		<ClCompile Include="src\Key.cpp">
			<Filter>src</Filter>
		</ClCompile>
		<ClCompile Include="src\main.cpp">
			<Filter>src</Filter>
		</ClCompile>
		<ClCompile Include="src\Monster.cpp">
			<Filter>src</Filter>
		</ClCompile>
		<ClCompile Include="src\NPC.cpp">
			<Filter>src</Filter>
		</ClCompile>
		<ClCompile Include="src\ofApp.cpp">
			<Filter>src</Filter>
		</ClCompile>
		<ClCompile Include="src\Player.cpp">
			<Filter>src</Filter>
		</ClCompile>
		<ClCompile Include="src\Store.cpp">
			<Filter>src</Filter>
		</ClCompile>
		<ClCompile Include="..\..\..\..\Downloads\of_v0.9.8_vs_release\of_v0.9.8_vs_release\addons\ofxGif\src\ofxGif.cpp">
			<Filter>addons\ofxGif\src</Filter>
		</ClCompile>
		<ClCompile Include="..\..\..\..\Downloads\of_v0.9.8_vs_release\of_v0.9.8_vs_release\addons\ofxGifDecoder\src\ofxGifDecoder.cpp">
			<Filter>addons\ofxGifDecoder\src</Filter>
		</ClCompile>
		<ClCompile Include="..\..\..\..\Downloads\of_v0.9.8_vs_release\of_v0.9.8_vs_release\addons\ofxGifDecoder\src\ofxGifFile.cpp">
			<Filter>addons\ofxGifDecoder\src</Filter>
		</ClCompile>
		<ClCompile Include="..\..\..\..\Downloads\of_v0.9.8_vs_release\of_v0.9.8_vs_release\addons\ofxGifDecoder\src\ofxGifFrame.cpp">
			<Filter>addons\ofxGifDecoder\src</Filter>
		</ClCompile>
		<ClCompile Include="..\..\..\..\Downloads\of_v0.9.8_vs_release\of_v0.9.8_vs_release\addons\ofxGui\src\ofxBaseGui.cpp">
			<Filter>addons\ofxGui\src</Filter>
		</ClCompile>
		<ClCompile Include="..\..\..\..\Downloads\of_v0.9.8_vs_release\of_v0.9.8_vs_release\addons\ofxGui\src\ofxButton.cpp">
			<Filter>addons\ofxGui\src</Filter>
		</ClCompile>
		<ClCompile Include="..\..\..\..\Downloads\of_v0.9.8_vs_release\of_v0.9.8_vs_release\addons\ofxGui\src\ofxGuiGroup.cpp">
			<Filter>addons\ofxGui\src</Filter>
		</ClCompile>
		<ClCompile Include="..\..\..\..\Downloads\of_v0.9.8_vs_release\of_v0.9.8_vs_release\addons\ofxGui\src\ofxLabel.cpp">
			<Filter>addons\ofxGui\src</Filter>
		</ClCompile>
		<ClCompile Include="..\..\..\..\Downloads\of_v0.9.8_vs_release\of_v0.9.8_vs_release\addons\ofxGui\src\ofxPanel.cpp">
			<Filter>addons\ofxGui\src</Filter>
		</ClCompile>
		<ClCompile Include="..\..\..\..\Downloads\of_v0.9.8_vs_release\of_v0.9.8_vs_release\addons\ofxGui\src\ofxSlider.cpp">
			<Filter>addons\ofxGui\src</Filter>
		</ClCompile>
		<ClCompile Include="..\..\..\..\Downloads\of_v0.9.8_vs_release\of_v0.9.8_vs_release\addons\ofxGui\src\ofxSliderGroup.cpp">
			<Filter>addons\ofxGui\src</Filter>
		</ClCompile>
		<ClCompile Include="..\..\..\..\Downloads\of_v0.9.8_vs_release\of_v0.9.8_vs_release\addons\ofxGui\src\ofxToggle.cpp">
			<Filter>addons\ofxGui\src</Filter>
		</ClCompile>
		<ClCompile Include="..\..\..\..\Downloads\of_v0.9.8_vs_release\of_v0.9.8_vs_release\addons\ofxTexturePlane\src\ofxTexturePlane.cpp">
			<Filter>addons\ofxTexturePlane\src</Filter>
		</ClCompile>
	</ItemGroup>
	<ItemGroup>
		<Filter Include="src">
			<UniqueIdentifier>{d8376475-7454-4a24-b08a-aac121d3ad6f}</UniqueIdentifier>
		</Filter>
		<Filter Include="addons">
			<UniqueIdentifier>{71834F65-F3A9-211E-73B8-DC85}</UniqueIdentifier>
		</Filter>
		<Filter Include="addons\ofxGif">
			<UniqueIdentifier>{D1712EA0-C6FD-3BD8-C65E-E5D9}</UniqueIdentifier>
		</Filter>
		<Filter Include="addons\ofxGif\src">
			<UniqueIdentifier>{FECF32E4-4CD9-E7EE-0CE0-44E9}</UniqueIdentifier>
		</Filter>
		<Filter Include="addons\ofxGifDecoder">
			<UniqueIdentifier>{CE484115-A868-B792-E7D0-2BF4}</UniqueIdentifier>
		</Filter>
		<Filter Include="addons\ofxGifDecoder\src">
			<UniqueIdentifier>{9E45E73B-2E6C-84AE-1979-03CD}</UniqueIdentifier>
		</Filter>
		<Filter Include="addons\ofxGui">
			<UniqueIdentifier>{4F2A59AF-5F4E-704B-D067-EC13}</UniqueIdentifier>
		</Filter>
		<Filter Include="addons\ofxGui\src">
			<UniqueIdentifier>{645E9533-4DCD-6179-1CDF-CB65}</UniqueIdentifier>
		</Filter>
		<Filter Include="addons\ofxTexturePlane">
			<UniqueIdentifier>{3A50C494-943E-0C81-6E13-C5A5}</UniqueIdentifier>
		</Filter>
		<Filter Include="addons\ofxTexturePlane\src">
			<UniqueIdentifier>{4FF2B0DD-40F2-C313-7D87-3594}</UniqueIdentifier>
		</Filter>
	</ItemGroup>
	<ItemGroup>
		<ClInclude Include="src\ofApp.h">
			<Filter>src</Filter>
		</ClInclude>
		<ClInclude Include="src\Background.h">
			<Filter>src</Filter>
		</ClInclude>
		<ClInclude Include="src\BackgroundSegments.h">
			<Filter>src</Filter>
		</ClInclude>
		<ClInclude Include="src\Gem.h">
			<Filter>src</Filter>
		</ClInclude>
		<ClInclude Include="src\Key.h">
			<Filter>src</Filter>
		</ClInclude>
		<ClInclude Include="src\Monster.h">
			<Filter>src</Filter>
		</ClInclude>
		<ClInclude Include="src\NPC.h">
			<Filter>src</Filter>
		</ClInclude>
		<ClInclude Include="src\ofApp.h">
			<Filter>src</Filter>
		</ClInclude>
		<ClInclude Include="src\Player.h">
			<Filter>src</Filter>
		</ClInclude>
		<ClInclude Include="src\Store.h">
			<Filter>src</Filter>
		</ClInclude>
		<ClInclude Include="..\..\..\..\Downloads\of_v0.9.8_vs_release\of_v0.9.8_vs_release\addons\ofxGif\src\ofxGif.h">
			<Filter>addons\ofxGif\src</Filter>
		</ClInclude>
		<ClInclude Include="..\..\..\..\Downloads\of_v0.9.8_vs_release\of_v0.9.8_vs_release\addons\ofxGifDecoder\src\ofxGifDecoder.h">
			<Filter>addons\ofxGifDecoder\src</Filter>
		</ClInclude>
		<ClInclude Include="..\..\..\..\Downloads\of_v0.9.8_vs_release\of_v0.9.8_vs_release\addons\ofxGifDecoder\src\ofxGifFile.h">
			<Filter>addons\ofxGifDecoder\src</Filter>
		</ClInclude>
		<ClInclude Include="..\..\..\..\Downloads\of_v0.9.8_vs_release\of_v0.9.8_vs_release\addons\ofxGifDecoder\src\ofxGifFrame.h">
			<Filter>addons\ofxGifDecoder\src</Filter>
		</ClInclude>
		<ClInclude Include="..\..\..\..\Downloads\of_v0.9.8_vs_release\of_v0.9.8_vs_release\addons\ofxGui\src\ofxBaseGui.h">
			<Filter>addons\ofxGui\src</Filter>
		</ClInclude>
		<ClInclude Include="..\..\..\..\Downloads\of_v0.9.8_vs_release\of_v0.9.8_vs_release\addons\ofxGui\src\ofxButton.h">
			<Filter>addons\ofxGui\src</Filter>
		</ClInclude>
		<ClInclude Include="..\..\..\..\Downloads\of_v0.9.8_vs_release\of_v0.9.8_vs_release\addons\ofxGui\src\ofxGui.h">
			<Filter>addons\ofxGui\src</Filter>
		</ClInclude>
		<ClInclude Include="..\..\..\..\Downloads\of_v0.9.8_vs_release\of_v0.9.8_vs_release\addons\ofxGui\src\ofxGuiGroup.h">
			<Filter>addons\ofxGui\src</Filter>
		</ClInclude>
		<ClInclude Include="..\..\..\..\Downloads\of_v0.9.8_vs_release\of_v0.9.8_vs_release\addons\ofxGui\src\ofxLabel.h">
			<Filter>addons\ofxGui\src</Filter>
		</ClInclude>
		<ClInclude Include="..\..\..\..\Downloads\of_v0.9.8_vs_release\of_v0.9.8_vs_release\addons\ofxGui\src\ofxPanel.h">
			<Filter>addons\ofxGui\src</Filter>
		</ClInclude>
		<ClInclude Include="..\..\..\..\Downloads\of_v0.9.8_vs_release\of_v0.9.8_vs_release\addons\ofxGui\src\ofxSlider.h">
			<Filter>addons\ofxGui\src</Filter>
		</ClInclude>
		<ClInclude Include="..\..\..\..\Downloads\of_v0.9.8_vs_release\of_v0.9.8_vs_release\addons\ofxGui\src\ofxSliderGroup.h">
			<Filter>addons\ofxGui\src</Filter>
		</ClInclude>
		<ClInclude Include="..\..\..\..\Downloads\of_v0.9.8_vs_release\of_v0.9.8_vs_release\addons\ofxGui\src\ofxToggle.h">
			<Filter>addons\ofxGui\src</Filter>
		</ClInclude>
		<ClInclude Include="..\..\..\..\Downloads\of_v0.9.8_vs_release\of_v0.9.8_vs_release\addons\ofxTexturePlane\src\ofxTexturePlane.h">
			<Filter>addons\ofxTexturePlane\src</Filter>
		</ClInclude>
	</ItemGroup>
	<ItemGroup>
		<ResourceCompile Include="icon.rc" />
	</ItemGroup>
</Project>
